// !$*UTF8*$!
{
	archiveVersion = 1;
	classes = {
	};
	objectVersion = 51;
	objects = {

/* Begin PBXBuildFile section */
		074B3DF7450BF8A0131B8351 /* JSONEncodingHelper.swift in Sources */ = {isa = PBXBuildFile; fileRef = 21DB3109D5E70FCEDC13C4BD /* JSONEncodingHelper.swift */; };
		0F764D246FB969B1BCEA7467 /* AlbumApiModel.swift in Sources */ = {isa = PBXBuildFile; fileRef = 4E88017E7FB13CF8845BDE0F /* AlbumApiModel.swift */; };
		3627DBCDF1AD7526C38515BF /* Result.swift in Sources */ = {isa = PBXBuildFile; fileRef = 2EA9DA14BBFDE143B1B3DA25 /* Result.swift */; };
		5324A375CD199C517740DADD /* PlaylistApiModel.swift in Sources */ = {isa = PBXBuildFile; fileRef = D3A985BDC7521B0A9FFD183E /* PlaylistApiModel.swift */; };
		597FB4B59F7502E93A743A6A /* LocationApiModel.swift in Sources */ = {isa = PBXBuildFile; fileRef = 36CD2F0AC7258CD692631C67 /* LocationApiModel.swift */; };
		79A20A5B2DE51F39E5548B3D /* Configuration.swift in Sources */ = {isa = PBXBuildFile; fileRef = A51640FA393F64583BD47117 /* Configuration.swift */; };
		7DEF47BFF4A76FB2F3833258 /* Extensions.swift in Sources */ = {isa = PBXBuildFile; fileRef = F06B616256DDA2B4A97480FE /* Extensions.swift */; };
		93B80D1F2CA7BF681D62AB7C /* Models.swift in Sources */ = {isa = PBXBuildFile; fileRef = D41320AAF53D5158ECB872E0 /* Models.swift */; };
		9B18D56D55FE86AA7FBD698F /* APIHelper.swift in Sources */ = {isa = PBXBuildFile; fileRef = BE85F403A6890A8AF2E16F86 /* APIHelper.swift */; };
		A497CBEAD0C735D4BE35356A /* AlamofireImplementations.swift in Sources */ = {isa = PBXBuildFile; fileRef = 0351B65703E0CF9CA457E594 /* AlamofireImplementations.swift */; };
		CE098CED338A72E91B41A4E4 /* APIs.swift in Sources */ = {isa = PBXBuildFile; fileRef = 842417F67BE40892DD8C4BD4 /* APIs.swift */; };
		D81E0C05E8DAD32E04A0F41C /* ImageApiModel.swift in Sources */ = {isa = PBXBuildFile; fileRef = 2E3AA1EEC93B36D0997CE00F /* ImageApiModel.swift */; };
		E5514A277E2BBB1E7FECFD31 /* CodableHelper.swift in Sources */ = {isa = PBXBuildFile; fileRef = 6D606991D7F3401F720A661A /* CodableHelper.swift */; };
		EC16AFF14E4CEFCC5388BCBB /* JSONEncodableEncoding.swift in Sources */ = {isa = PBXBuildFile; fileRef = 91ACEB14BA5BA6EAC8205637 /* JSONEncodableEncoding.swift */; };
		EE25F89C30F3B054066A7B07 /* Alamofire.framework in Frameworks */ = {isa = PBXBuildFile; fileRef = 55C7A157AD07FF29652C8D97 /* Alamofire.framework */; };
		F4DD695578B03915B904BE6E /* DefaultAPI.swift in Sources */ = {isa = PBXBuildFile; fileRef = FA8058D835EC7150488F2A22 /* DefaultAPI.swift */; };
		FD2A25C2EE61E06CDC302A24 /* EventApiModel.swift in Sources */ = {isa = PBXBuildFile; fileRef = 5344F215885D73CFB62A7EAA /* EventApiModel.swift */; };
/* End PBXBuildFile section */

/* Begin PBXFileReference section */
		0351B65703E0CF9CA457E594 /* AlamofireImplementations.swift */ = {isa = PBXFileReference; lastKnownFileType = sourcecode.swift; path = AlamofireImplementations.swift; sourceTree = "<group>"; };
		21DB3109D5E70FCEDC13C4BD /* JSONEncodingHelper.swift */ = {isa = PBXFileReference; lastKnownFileType = sourcecode.swift; path = JSONEncodingHelper.swift; sourceTree = "<group>"; };
		2E3AA1EEC93B36D0997CE00F /* ImageApiModel.swift */ = {isa = PBXFileReference; lastKnownFileType = sourcecode.swift; path = ImageApiModel.swift; sourceTree = "<group>"; };
		2EA9DA14BBFDE143B1B3DA25 /* Result.swift */ = {isa = PBXFileReference; lastKnownFileType = sourcecode.swift; path = Result.swift; sourceTree = "<group>"; };
		364EDAC6AEDD916FBDFF1161 /* MGMRemoteApiClient.framework */ = {isa = PBXFileReference; explicitFileType = wrapper.framework; includeInIndex = 0; path = MGMRemoteApiClient.framework; sourceTree = BUILT_PRODUCTS_DIR; };
		36CD2F0AC7258CD692631C67 /* LocationApiModel.swift */ = {isa = PBXFileReference; lastKnownFileType = sourcecode.swift; path = LocationApiModel.swift; sourceTree = "<group>"; };
		4E88017E7FB13CF8845BDE0F /* AlbumApiModel.swift */ = {isa = PBXFileReference; lastKnownFileType = sourcecode.swift; path = AlbumApiModel.swift; sourceTree = "<group>"; };
		5344F215885D73CFB62A7EAA /* EventApiModel.swift */ = {isa = PBXFileReference; lastKnownFileType = sourcecode.swift; path = EventApiModel.swift; sourceTree = "<group>"; };
		55C7A157AD07FF29652C8D97 /* Alamofire.framework */ = {isa = PBXFileReference; lastKnownFileType = wrapper.framework; path = Alamofire.framework; sourceTree = "<group>"; };
		6D606991D7F3401F720A661A /* CodableHelper.swift */ = {isa = PBXFileReference; lastKnownFileType = sourcecode.swift; path = CodableHelper.swift; sourceTree = "<group>"; };
		842417F67BE40892DD8C4BD4 /* APIs.swift */ = {isa = PBXFileReference; lastKnownFileType = sourcecode.swift; path = APIs.swift; sourceTree = "<group>"; };
		91ACEB14BA5BA6EAC8205637 /* JSONEncodableEncoding.swift */ = {isa = PBXFileReference; lastKnownFileType = sourcecode.swift; path = JSONEncodableEncoding.swift; sourceTree = "<group>"; };
		A51640FA393F64583BD47117 /* Configuration.swift */ = {isa = PBXFileReference; lastKnownFileType = sourcecode.swift; path = Configuration.swift; sourceTree = "<group>"; };
		BE85F403A6890A8AF2E16F86 /* APIHelper.swift */ = {isa = PBXFileReference; lastKnownFileType = sourcecode.swift; path = APIHelper.swift; sourceTree = "<group>"; };
		D3A985BDC7521B0A9FFD183E /* PlaylistApiModel.swift */ = {isa = PBXFileReference; lastKnownFileType = sourcecode.swift; path = PlaylistApiModel.swift; sourceTree = "<group>"; };
		D41320AAF53D5158ECB872E0 /* Models.swift */ = {isa = PBXFileReference; lastKnownFileType = sourcecode.swift; path = Models.swift; sourceTree = "<group>"; };
		F06B616256DDA2B4A97480FE /* Extensions.swift */ = {isa = PBXFileReference; lastKnownFileType = sourcecode.swift; path = Extensions.swift; sourceTree = "<group>"; };
		FA8058D835EC7150488F2A22 /* DefaultAPI.swift */ = {isa = PBXFileReference; lastKnownFileType = sourcecode.swift; path = DefaultAPI.swift; sourceTree = "<group>"; };
/* End PBXFileReference section */

/* Begin PBXFrameworksBuildPhase section */
		3D6F4F9F43BF1B95B1D0337D /* Frameworks */ = {
			isa = PBXFrameworksBuildPhase;
			buildActionMask = 2147483647;
			files = (
				EE25F89C30F3B054066A7B07 /* Alamofire.framework in Frameworks */,
			);
			runOnlyForDeploymentPostprocessing = 0;
		};
/* End PBXFrameworksBuildPhase section */

/* Begin PBXGroup section */
		1620247CA36FDEB9D482B3F0 /* Carthage */ = {
			isa = PBXGroup;
			children = (
				91AA61CAEB38F6930B7CB5E6 /* iOS */,
			);
			name = Carthage;
			path = Carthage/Build;
			sourceTree = "<group>";
		};
		62D465DABC404E1C5C416934 = {
			isa = PBXGroup;
			children = (
				D703CB7AACABAA4F0B208B19 /* MGMRemoteApiClient */,
				68A87F24C20D9BC33F4A9C12 /* Frameworks */,
				76359136C71D2A8287D7BF94 /* Products */,
			);
			sourceTree = "<group>";
		};
		68A87F24C20D9BC33F4A9C12 /* Frameworks */ = {
			isa = PBXGroup;
			children = (
				1620247CA36FDEB9D482B3F0 /* Carthage */,
			);
			name = Frameworks;
			sourceTree = "<group>";
		};
		76359136C71D2A8287D7BF94 /* Products */ = {
			isa = PBXGroup;
			children = (
				364EDAC6AEDD916FBDFF1161 /* MGMRemoteApiClient.framework */,
			);
			name = Products;
			sourceTree = "<group>";
		};
		91AA61CAEB38F6930B7CB5E6 /* iOS */ = {
			isa = PBXGroup;
			children = (
				55C7A157AD07FF29652C8D97 /* Alamofire.framework */,
			);
			path = iOS;
			sourceTree = "<group>";
		};
		99645DC159DEDBB532D3508A /* Classes */ = {
			isa = PBXGroup;
			children = (
				E4E4E6FCDA091687DB2C5D7B /* OpenAPIs */,
			);
			path = Classes;
			sourceTree = "<group>";
		};
		A212A469F8776853C3384B5D /* APIs */ = {
			isa = PBXGroup;
			children = (
				FA8058D835EC7150488F2A22 /* DefaultAPI.swift */,
			);
			path = APIs;
			sourceTree = "<group>";
		};
		C47630422D34B8F632A7EA0C /* Models */ = {
			isa = PBXGroup;
			children = (
				4E88017E7FB13CF8845BDE0F /* AlbumApiModel.swift */,
				5344F215885D73CFB62A7EAA /* EventApiModel.swift */,
				2E3AA1EEC93B36D0997CE00F /* ImageApiModel.swift */,
				36CD2F0AC7258CD692631C67 /* LocationApiModel.swift */,
				D3A985BDC7521B0A9FFD183E /* PlaylistApiModel.swift */,
			);
			path = Models;
			sourceTree = "<group>";
		};
		D703CB7AACABAA4F0B208B19 /* MGMRemoteApiClient */ = {
			isa = PBXGroup;
			children = (
				99645DC159DEDBB532D3508A /* Classes */,
			);
			path = MGMRemoteApiClient;
			sourceTree = "<group>";
		};
		E4E4E6FCDA091687DB2C5D7B /* OpenAPIs */ = {
			isa = PBXGroup;
			children = (
				0351B65703E0CF9CA457E594 /* AlamofireImplementations.swift */,
				BE85F403A6890A8AF2E16F86 /* APIHelper.swift */,
				842417F67BE40892DD8C4BD4 /* APIs.swift */,
				6D606991D7F3401F720A661A /* CodableHelper.swift */,
				A51640FA393F64583BD47117 /* Configuration.swift */,
				F06B616256DDA2B4A97480FE /* Extensions.swift */,
				91ACEB14BA5BA6EAC8205637 /* JSONEncodableEncoding.swift */,
				21DB3109D5E70FCEDC13C4BD /* JSONEncodingHelper.swift */,
				D41320AAF53D5158ECB872E0 /* Models.swift */,
				2EA9DA14BBFDE143B1B3DA25 /* Result.swift */,
				A212A469F8776853C3384B5D /* APIs */,
				C47630422D34B8F632A7EA0C /* Models */,
			);
			path = OpenAPIs;
			sourceTree = "<group>";
		};
/* End PBXGroup section */

/* Begin PBXNativeTarget section */
		1F25F5E69BBA82A61A1E8B3F /* MGMRemoteApiClient */ = {
			isa = PBXNativeTarget;
			buildConfigurationList = FDE0E521A863B2F16BC881BB /* Build configuration list for PBXNativeTarget "MGMRemoteApiClient" */;
			buildPhases = (
				41A6132C26BEDBDFD07379C0 /* Sources */,
				3D6F4F9F43BF1B95B1D0337D /* Frameworks */,
			);
			buildRules = (
			);
			dependencies = (
			);
			name = MGMRemoteApiClient;
			productName = MGMRemoteApiClient;
			productReference = 364EDAC6AEDD916FBDFF1161 /* MGMRemoteApiClient.framework */;
			productType = "com.apple.product-type.framework";
		};
/* End PBXNativeTarget section */

/* Begin PBXProject section */
		B372919565B1A71C22033D7A /* Project object */ = {
			isa = PBXProject;
			attributes = {
				LastUpgradeCheck = 1020;
				TargetAttributes = {
				};
			};
			buildConfigurationList = 5509B81BF9E82C80B00A9BAE /* Build configuration list for PBXProject "MGMRemoteApiClient" */;
			compatibilityVersion = "Xcode 10.0";
			developmentRegion = en;
			hasScannedForEncodings = 0;
			knownRegions = (
				en,
			);
			mainGroup = 62D465DABC404E1C5C416934;
			projectDirPath = "";
			projectRoot = "";
			targets = (
				1F25F5E69BBA82A61A1E8B3F /* MGMRemoteApiClient */,
			);
		};
/* End PBXProject section */

/* Begin PBXSourcesBuildPhase section */
		41A6132C26BEDBDFD07379C0 /* Sources */ = {
			isa = PBXSourcesBuildPhase;
			buildActionMask = 2147483647;
			files = (
				9B18D56D55FE86AA7FBD698F /* APIHelper.swift in Sources */,
				CE098CED338A72E91B41A4E4 /* APIs.swift in Sources */,
				A497CBEAD0C735D4BE35356A /* AlamofireImplementations.swift in Sources */,
				0F764D246FB969B1BCEA7467 /* AlbumApiModel.swift in Sources */,
				E5514A277E2BBB1E7FECFD31 /* CodableHelper.swift in Sources */,
				79A20A5B2DE51F39E5548B3D /* Configuration.swift in Sources */,
				F4DD695578B03915B904BE6E /* DefaultAPI.swift in Sources */,
				FD2A25C2EE61E06CDC302A24 /* EventApiModel.swift in Sources */,
				7DEF47BFF4A76FB2F3833258 /* Extensions.swift in Sources */,
				D81E0C05E8DAD32E04A0F41C /* ImageApiModel.swift in Sources */,
				EC16AFF14E4CEFCC5388BCBB /* JSONEncodableEncoding.swift in Sources */,
				074B3DF7450BF8A0131B8351 /* JSONEncodingHelper.swift in Sources */,
				597FB4B59F7502E93A743A6A /* LocationApiModel.swift in Sources */,
				93B80D1F2CA7BF681D62AB7C /* Models.swift in Sources */,
				5324A375CD199C517740DADD /* PlaylistApiModel.swift in Sources */,
				3627DBCDF1AD7526C38515BF /* Result.swift in Sources */,
			);
			runOnlyForDeploymentPostprocessing = 0;
		};
/* End PBXSourcesBuildPhase section */

/* Begin XCBuildConfiguration section */
		54DDB1CCF73695C63E1CD44F /* Release */ = {
			isa = XCBuildConfiguration;
			buildSettings = {
				ALWAYS_SEARCH_USER_PATHS = NO;
				CLANG_ANALYZER_NONNULL = YES;
				CLANG_ANALYZER_NUMBER_OBJECT_CONVERSION = YES_AGGRESSIVE;
				CLANG_CXX_LANGUAGE_STANDARD = "gnu++14";
				CLANG_CXX_LIBRARY = "libc++";
				CLANG_ENABLE_MODULES = YES;
				CLANG_ENABLE_OBJC_ARC = YES;
				CLANG_WARN_BLOCK_CAPTURE_AUTORELEASING = YES;
				CLANG_WARN_BOOL_CONVERSION = YES;
				CLANG_WARN_COMMA = YES;
				CLANG_WARN_CONSTANT_CONVERSION = YES;
				CLANG_WARN_DEPRECATED_OBJC_IMPLEMENTATIONS = YES;
				CLANG_WARN_DIRECT_OBJC_ISA_USAGE = YES_ERROR;
				CLANG_WARN_DOCUMENTATION_COMMENTS = YES;
				CLANG_WARN_EMPTY_BODY = YES;
				CLANG_WARN_ENUM_CONVERSION = YES;
				CLANG_WARN_INFINITE_RECURSION = YES;
				CLANG_WARN_INT_CONVERSION = YES;
				CLANG_WARN_NON_LITERAL_NULL_CONVERSION = YES;
				CLANG_WARN_OBJC_IMPLICIT_RETAIN_SELF = YES;
				CLANG_WARN_OBJC_LITERAL_CONVERSION = YES;
				CLANG_WARN_OBJC_ROOT_CLASS = YES_ERROR;
				CLANG_WARN_RANGE_LOOP_ANALYSIS = YES;
				CLANG_WARN_STRICT_PROTOTYPES = YES;
				CLANG_WARN_SUSPICIOUS_MOVE = YES;
				CLANG_WARN_UNGUARDED_AVAILABILITY = YES_AGGRESSIVE;
				CLANG_WARN_UNREACHABLE_CODE = YES;
				CLANG_WARN__DUPLICATE_METHOD_MATCH = YES;
				COPY_PHASE_STRIP = NO;
				DEBUG_INFORMATION_FORMAT = "dwarf-with-dsym";
				ENABLE_NS_ASSERTIONS = NO;
				ENABLE_STRICT_OBJC_MSGSEND = YES;
				GCC_C_LANGUAGE_STANDARD = gnu11;
				GCC_NO_COMMON_BLOCKS = YES;
				GCC_WARN_64_TO_32_BIT_CONVERSION = YES;
				GCC_WARN_ABOUT_RETURN_TYPE = YES_ERROR;
				GCC_WARN_UNDECLARED_SELECTOR = YES;
				GCC_WARN_UNINITIALIZED_AUTOS = YES_AGGRESSIVE;
				GCC_WARN_UNUSED_FUNCTION = YES;
				GCC_WARN_UNUSED_VARIABLE = YES;
				PRODUCT_NAME = "$(TARGET_NAME)";
				SDKROOT = iphoneos;
				SWIFT_COMPILATION_MODE = wholemodule;
				SWIFT_VERSION = 5.0;
				VALIDATE_PRODUCT = YES;
			};
			name = Release;
		};
		7A332891DBFBFC996042E7A0 /* Debug */ = {
			isa = XCBuildConfiguration;
			buildSettings = {
				APPLICATION_EXTENSION_API_ONLY = YES;
				CODE_SIGN_IDENTITY = "";
				CURRENT_PROJECT_VERSION = 1;
				DEFINES_MODULE = YES;
				DYLIB_COMPATIBILITY_VERSION = 1;
				DYLIB_CURRENT_VERSION = 1;
				DYLIB_INSTALL_NAME_BASE = "@rpath";
				FRAMEWORK_SEARCH_PATHS = (
					"$(inherited)",
					"$(PROJECT_DIR)/Carthage/Build/iOS",
				);
				INFOPLIST_FILE = Info.plist;
				INSTALL_PATH = "$(LOCAL_LIBRARY_DIR)/Frameworks";
				IPHONEOS_DEPLOYMENT_TARGET = 10.0;
				LD_RUNPATH_SEARCH_PATHS = (
					"$(inherited)",
					"@executable_path/Frameworks",
				);
				SDKROOT = iphoneos;
				SKIP_INSTALL = YES;
				TARGETED_DEVICE_FAMILY = "1,2";
				VERSIONING_SYSTEM = "apple-generic";
			};
			name = Debug;
		};
		EBDFBACF8F745692C7BD2E43 /* Release */ = {
			isa = XCBuildConfiguration;
			buildSettings = {
				APPLICATION_EXTENSION_API_ONLY = YES;
				CODE_SIGN_IDENTITY = "";
				CURRENT_PROJECT_VERSION = 1;
				DEFINES_MODULE = YES;
				DYLIB_COMPATIBILITY_VERSION = 1;
				DYLIB_CURRENT_VERSION = 1;
				DYLIB_INSTALL_NAME_BASE = "@rpath";
				FRAMEWORK_SEARCH_PATHS = (
					"$(inherited)",
					"$(PROJECT_DIR)/Carthage/Build/iOS",
				);
				INFOPLIST_FILE = Info.plist;
				INSTALL_PATH = "$(LOCAL_LIBRARY_DIR)/Frameworks";
				IPHONEOS_DEPLOYMENT_TARGET = 10.0;
				LD_RUNPATH_SEARCH_PATHS = (
					"$(inherited)",
					"@executable_path/Frameworks",
				);
				SDKROOT = iphoneos;
				SKIP_INSTALL = YES;
				TARGETED_DEVICE_FAMILY = "1,2";
				VERSIONING_SYSTEM = "apple-generic";
			};
			name = Release;
		};
		F11ACFFC2899421734F00851 /* Debug */ = {
			isa = XCBuildConfiguration;
			buildSettings = {
				ALWAYS_SEARCH_USER_PATHS = NO;
				CLANG_ANALYZER_NONNULL = YES;
				CLANG_ANALYZER_NUMBER_OBJECT_CONVERSION = YES_AGGRESSIVE;
				CLANG_CXX_LANGUAGE_STANDARD = "gnu++14";
				CLANG_CXX_LIBRARY = "libc++";
				CLANG_ENABLE_MODULES = YES;
				CLANG_ENABLE_OBJC_ARC = YES;
				CLANG_WARN_BLOCK_CAPTURE_AUTORELEASING = YES;
				CLANG_WARN_BOOL_CONVERSION = YES;
				CLANG_WARN_COMMA = YES;
				CLANG_WARN_CONSTANT_CONVERSION = YES;
				CLANG_WARN_DEPRECATED_OBJC_IMPLEMENTATIONS = YES;
				CLANG_WARN_DIRECT_OBJC_ISA_USAGE = YES_ERROR;
				CLANG_WARN_DOCUMENTATION_COMMENTS = YES;
				CLANG_WARN_EMPTY_BODY = YES;
				CLANG_WARN_ENUM_CONVERSION = YES;
				CLANG_WARN_INFINITE_RECURSION = YES;
				CLANG_WARN_INT_CONVERSION = YES;
				CLANG_WARN_NON_LITERAL_NULL_CONVERSION = YES;
				CLANG_WARN_OBJC_IMPLICIT_RETAIN_SELF = YES;
				CLANG_WARN_OBJC_LITERAL_CONVERSION = YES;
				CLANG_WARN_OBJC_ROOT_CLASS = YES_ERROR;
				CLANG_WARN_RANGE_LOOP_ANALYSIS = YES;
				CLANG_WARN_STRICT_PROTOTYPES = YES;
				CLANG_WARN_SUSPICIOUS_MOVE = YES;
				CLANG_WARN_UNGUARDED_AVAILABILITY = YES_AGGRESSIVE;
				CLANG_WARN_UNREACHABLE_CODE = YES;
				CLANG_WARN__DUPLICATE_METHOD_MATCH = YES;
				COPY_PHASE_STRIP = NO;
				DEBUG_INFORMATION_FORMAT = dwarf;
				ENABLE_STRICT_OBJC_MSGSEND = YES;
				ENABLE_TESTABILITY = YES;
				GCC_C_LANGUAGE_STANDARD = gnu11;
				GCC_DYNAMIC_NO_PIC = NO;
				GCC_NO_COMMON_BLOCKS = YES;
				GCC_OPTIMIZATION_LEVEL = 0;
				GCC_PREPROCESSOR_DEFINITIONS = (
					"$(inherited)",
					"DEBUG=1",
				);
				GCC_WARN_64_TO_32_BIT_CONVERSION = YES;
				GCC_WARN_ABOUT_RETURN_TYPE = YES_ERROR;
				GCC_WARN_UNDECLARED_SELECTOR = YES;
				GCC_WARN_UNINITIALIZED_AUTOS = YES_AGGRESSIVE;
				GCC_WARN_UNUSED_FUNCTION = YES;
				GCC_WARN_UNUSED_VARIABLE = YES;
				MTL_ENABLE_DEBUG_INFO = YES;
				ONLY_ACTIVE_ARCH = YES;
				PRODUCT_NAME = "$(TARGET_NAME)";
				SDKROOT = iphoneos;
				SWIFT_ACTIVE_COMPILATION_CONDITIONS = DEBUG;
				SWIFT_OPTIMIZATION_LEVEL = "-Onone";
				SWIFT_VERSION = 5.0;
			};
			name = Debug;
		};
/* End XCBuildConfiguration section */

/* Begin XCConfigurationList section */
		5509B81BF9E82C80B00A9BAE /* Build configuration list for PBXProject "MGMRemoteApiClient" */ = {
			isa = XCConfigurationList;
			buildConfigurations = (
				F11ACFFC2899421734F00851 /* Debug */,
				54DDB1CCF73695C63E1CD44F /* Release */,
			);
			defaultConfigurationIsVisible = 0;
			defaultConfigurationName = Debug;
		};
		FDE0E521A863B2F16BC881BB /* Build configuration list for PBXNativeTarget "MGMRemoteApiClient" */ = {
			isa = XCConfigurationList;
			buildConfigurations = (
				7A332891DBFBFC996042E7A0 /* Debug */,
				EBDFBACF8F745692C7BD2E43 /* Release */,
			);
			defaultConfigurationIsVisible = 0;
			defaultConfigurationName = Debug;
		};
/* End XCConfigurationList section */
	};
	rootObject = B372919565B1A71C22033D7A /* Project object */;
}
